
Microsoft Visual Studio Solution File, Format Version 12.00
# Visual Studio Version 16
VisualStudioVersion = 16.0.30621.155
MinimumVisualStudioVersion = 10.0.40219.1
Project("{FAE04EC0-301F-11D3-BF4B-00C04F79EFBC}") = "AppEmpleadosCrut(2)", "AppEmpleadosCrut(2)\AppEmpleadosCrut(2).csproj", "{1161E24C-10BB-4C47-AEDD-52EFCE25B679}"
EndProject
Global
	GlobalSection(SolutionConfigurationPlatforms) = preSolution
		Debug|Any CPU = Debug|Any CPU
		Release|Any CPU = Release|Any CPU
	EndGlobalSection
	GlobalSection(ProjectConfigurationPlatforms) = postSolution
		{1161E24C-10BB-4C47-AEDD-52EFCE25B679}.Debug|Any CPU.ActiveCfg = Debug|Any CPU
		{1161E24C-10BB-4C47-AEDD-52EFCE25B679}.Debug|Any CPU.Build.0 = Debug|Any CPU
		{1161E24C-10BB-4C47-AEDD-52EFCE25B679}.Release|Any CPU.ActiveCfg = Release|Any CPU
		{1161E24C-10BB-4C47-AEDD-52EFCE25B679}.Release|Any CPU.Build.0 = Release|Any CPU
	EndGlobalSection
	GlobalSection(SolutionProperties) = preSolution
		HideSolutionNode = FALSE
	EndGlobalSection
	GlobalSection(ExtensibilityGlobals) = postSolution
		SolutionGuid = {9F7E4810-F62E-4483-87B4-6E0A0F080F8A}
	EndGlobalSection
EndGlobal
